Microsoft Visual Studio Solution File, Format Version 12.00
# Visual Studio Version 17
VisualStudioVersion = 17.5.2.0
MinimumVisualStudioVersion = 10.0.40219.1
Project("{FAE04EC0-301F-11D3-BF4B-00C04F79EFBC}") = "09Oct-EntityFramework", "09Oct-EntityFramework.csproj", "{0C2B2397-8A0C-2F21-E956-1EE276180E26}"
EndProject
Global
	GlobalSection(SolutionConfigurationPlatforms) = preSolution
		Debug|Any CPU = Debug|Any CPU
		Release|Any CPU = Release|Any CPU
	EndGlobalSection
	GlobalSection(ProjectConfigurationPlatforms) = postSolution
		{0C2B2397-8A0C-2F21-E956-1EE276180E26}.Debug|Any CPU.ActiveCfg = Debug|Any CPU
		{0C2B2397-8A0C-2F21-E956-1EE276180E26}.Debug|Any CPU.Build.0 = Debug|Any CPU
		{0C2B2397-8A0C-2F21-E956-1EE276180E26}.Release|Any CPU.ActiveCfg = Release|Any CPU
		{0C2B2397-8A0C-2F21-E956-1EE276180E26}.Release|Any CPU.Build.0 = Release|Any CPU
	EndGlobalSection
	GlobalSection(SolutionProperties) = preSolution
		HideSolutionNode = FALSE
	EndGlobalSection
	GlobalSection(ExtensibilityGlobals) = postSolution
		SolutionGuid = {576352B5-2C25-490C-A90F-7E680191BD5D}
	EndGlobalSection
EndGlobal
